
Microsoft Visual Studio Solution File, Format Version 12.00
# Visual Studio Version 17
VisualStudioVersion = 17.10.35027.167
MinimumVisualStudioVersion = 10.0.40219.1
Project("{FAE04EC0-301F-11D3-BF4B-00C04F79EFBC}") = "Domain", "Domain\Domain.csproj", "{EE59819D-9B88-4EBE-A48C-969F738979C1}"
EndProject
Project("{2150E333-8FDC-42A3-9474-1A3956D46DE8}") = "src", "src", "{6876FAD2-2D0B-489B-AA1B-0BAB72D606A5}"
EndProject
Project("{FAE04EC0-301F-11D3-BF4B-00C04F79EFBC}") = "Application", "Application\Application.csproj", "{BF00B7E6-C323-47D7-9C17-E547CDABC6A4}"
EndProject
Project("{FAE04EC0-301F-11D3-BF4B-00C04F79EFBC}") = "Infrastructure", "Infrastructure\Infrastructure.csproj", "{D2369E13-2F5D-4B73-9FAF-061AB58C3743}"
EndProject
Project("{FAE04EC0-301F-11D3-BF4B-00C04F79EFBC}") = "WebApi", "WebApi\WebApi.csproj", "{DB65D2BC-8B0A-4329-809C-AE5414143E2F}"
EndProject
Global
	GlobalSection(SolutionConfigurationPlatforms) = preSolution
		Debug|Any CPU = Debug|Any CPU
		Release|Any CPU = Release|Any CPU
	EndGlobalSection
	GlobalSection(ProjectConfigurationPlatforms) = postSolution
		{EE59819D-9B88-4EBE-A48C-969F738979C1}.Debug|Any CPU.ActiveCfg = Debug|Any CPU
		{EE59819D-9B88-4EBE-A48C-969F738979C1}.Debug|Any CPU.Build.0 = Debug|Any CPU
		{EE59819D-9B88-4EBE-A48C-969F738979C1}.Release|Any CPU.ActiveCfg = Release|Any CPU
		{EE59819D-9B88-4EBE-A48C-969F738979C1}.Release|Any CPU.Build.0 = Release|Any CPU
		{BF00B7E6-C323-47D7-9C17-E547CDABC6A4}.Debug|Any CPU.ActiveCfg = Debug|Any CPU
		{BF00B7E6-C323-47D7-9C17-E547CDABC6A4}.Debug|Any CPU.Build.0 = Debug|Any CPU
		{BF00B7E6-C323-47D7-9C17-E547CDABC6A4}.Release|Any CPU.ActiveCfg = Release|Any CPU
		{BF00B7E6-C323-47D7-9C17-E547CDABC6A4}.Release|Any CPU.Build.0 = Release|Any CPU
		{D2369E13-2F5D-4B73-9FAF-061AB58C3743}.Debug|Any CPU.ActiveCfg = Debug|Any CPU
		{D2369E13-2F5D-4B73-9FAF-061AB58C3743}.Debug|Any CPU.Build.0 = Debug|Any CPU
		{D2369E13-2F5D-4B73-9FAF-061AB58C3743}.Release|Any CPU.ActiveCfg = Release|Any CPU
		{D2369E13-2F5D-4B73-9FAF-061AB58C3743}.Release|Any CPU.Build.0 = Release|Any CPU
		{DB65D2BC-8B0A-4329-809C-AE5414143E2F}.Debug|Any CPU.ActiveCfg = Debug|Any CPU
		{DB65D2BC-8B0A-4329-809C-AE5414143E2F}.Debug|Any CPU.Build.0 = Debug|Any CPU
		{DB65D2BC-8B0A-4329-809C-AE5414143E2F}.Release|Any CPU.ActiveCfg = Release|Any CPU
		{DB65D2BC-8B0A-4329-809C-AE5414143E2F}.Release|Any CPU.Build.0 = Release|Any CPU
	EndGlobalSection
	GlobalSection(SolutionProperties) = preSolution
		HideSolutionNode = FALSE
	EndGlobalSection
	GlobalSection(NestedProjects) = preSolution
		{EE59819D-9B88-4EBE-A48C-969F738979C1} = {6876FAD2-2D0B-489B-AA1B-0BAB72D606A5}
		{BF00B7E6-C323-47D7-9C17-E547CDABC6A4} = {6876FAD2-2D0B-489B-AA1B-0BAB72D606A5}
		{D2369E13-2F5D-4B73-9FAF-061AB58C3743} = {6876FAD2-2D0B-489B-AA1B-0BAB72D606A5}
		{DB65D2BC-8B0A-4329-809C-AE5414143E2F} = {6876FAD2-2D0B-489B-AA1B-0BAB72D606A5}
	EndGlobalSection
	GlobalSection(ExtensibilityGlobals) = postSolution
		SolutionGuid = {3F60C10D-F1CF-4CAD-B203-2DB412705E02}
	EndGlobalSection
EndGlobal
